PODS:
  - umbrella_ios (0.0.1)

DEPENDENCIES:
  - umbrella_ios (from `../common/umbrella-ios`)

EXTERNAL SOURCES:
  umbrella_ios:
    :path: "../common/umbrella-ios"

SPEC CHECKSUMS:
  umbrella_ios: 690d4980eccc90f7949ea4f2ae6c133fe40b1899

PODFILE CHECKSUM: f23e5f7230a6770e05874680e315d9d884ca3d90

COCOAPODS: 1.11.3
